# This file is autogenerated, do not edit; changes may be undone by the next 'dep ensure'.


[[projects]]
  name = "periph.io/x/periph"
  packages = ["conn","conn/gpio","conn/i2c","conn/pin","devices"]
  revision = "687bb43ba5ad417371dc0d1a1f7189119aafcede"
  version = "v2.0.0"

[solve-meta]
  analyzer-name = "dep"
  analyzer-version = 1
  inputs-digest = "2a0d271f57db1cbfcbf64ff5412f0e8258b10d89cd2e6980590a43a27ad89f24"
  solver-name = "gps-cdcl"
  solver-version = 1
